
Microsoft Visual Studio Solution File, Format Version 12.00
# Visual Studio 15
VisualStudioVersion = 15.0.28307.271
MinimumVisualStudioVersion = 10.0.40219.1
Project("{FAE04EC0-301F-11D3-BF4B-00C04F79EFBC}") = "OrderApi", "OrderApi\OrderApi.csproj", "{4B819E7B-94BF-465B-A229-0DD06424A460}"
EndProject
Project("{FAE04EC0-301F-11D3-BF4B-00C04F79EFBC}") = "OrderManager", "OrderManager\OrderManager.csproj", "{7502016B-7701-42CB-B325-90AF635ECCBE}"
EndProject
Project("{FAE04EC0-301F-11D3-BF4B-00C04F79EFBC}") = "Models", "Models\Models.csproj", "{8AFD6614-1719-4FBD-BFBD-C043089F8186}"
EndProject
Project("{FAE04EC0-301F-11D3-BF4B-00C04F79EFBC}") = "Common", "Common\Common.csproj", "{028AF215-9C09-4CC7-86CF-24AAD04FE9A4}"
EndProject
Project("{FAE04EC0-301F-11D3-BF4B-00C04F79EFBC}") = "XmlMapper", "XmlMapper\XmlMapper.csproj", "{6687F21D-126E-4F91-831C-26082992FDDA}"
EndProject
Project("{2150E333-8FDC-42A3-9474-1A3956D46DE8}") = "Test", "Test", "{270FB414-D362-4C28-9226-78A1ADEE0D8A}"
EndProject
Project("{FAE04EC0-301F-11D3-BF4B-00C04F79EFBC}") = "OrderApi.Test", "OrderApi.Test\OrderApi.Test.csproj", "{F18DAC81-AFB4-4E13-818D-18C35B53BA9D}"
EndProject
Project("{FAE04EC0-301F-11D3-BF4B-00C04F79EFBC}") = "OrderManager.Test", "OrderManager.Test\OrderManager.Test.csproj", "{E6019E39-3A38-4F83-A341-9DDEFCC4C921}"
EndProject
Project("{FAE04EC0-301F-11D3-BF4B-00C04F79EFBC}") = "Mapper.Test", "Mapper.Test\Mapper.Test.csproj", "{CD15323E-F40B-4983-B777-D466DCD30F50}"
EndProject
Global
	GlobalSection(SolutionConfigurationPlatforms) = preSolution
		Debug|Any CPU = Debug|Any CPU
		Release|Any CPU = Release|Any CPU
	EndGlobalSection
	GlobalSection(ProjectConfigurationPlatforms) = postSolution
		{4B819E7B-94BF-465B-A229-0DD06424A460}.Debug|Any CPU.ActiveCfg = Debug|Any CPU
		{4B819E7B-94BF-465B-A229-0DD06424A460}.Debug|Any CPU.Build.0 = Debug|Any CPU
		{4B819E7B-94BF-465B-A229-0DD06424A460}.Release|Any CPU.ActiveCfg = Release|Any CPU
		{4B819E7B-94BF-465B-A229-0DD06424A460}.Release|Any CPU.Build.0 = Release|Any CPU
		{7502016B-7701-42CB-B325-90AF635ECCBE}.Debug|Any CPU.ActiveCfg = Debug|Any CPU
		{7502016B-7701-42CB-B325-90AF635ECCBE}.Debug|Any CPU.Build.0 = Debug|Any CPU
		{7502016B-7701-42CB-B325-90AF635ECCBE}.Release|Any CPU.ActiveCfg = Release|Any CPU
		{7502016B-7701-42CB-B325-90AF635ECCBE}.Release|Any CPU.Build.0 = Release|Any CPU
		{8AFD6614-1719-4FBD-BFBD-C043089F8186}.Debug|Any CPU.ActiveCfg = Debug|Any CPU
		{8AFD6614-1719-4FBD-BFBD-C043089F8186}.Debug|Any CPU.Build.0 = Debug|Any CPU
		{8AFD6614-1719-4FBD-BFBD-C043089F8186}.Release|Any CPU.ActiveCfg = Release|Any CPU
		{8AFD6614-1719-4FBD-BFBD-C043089F8186}.Release|Any CPU.Build.0 = Release|Any CPU
		{028AF215-9C09-4CC7-86CF-24AAD04FE9A4}.Debug|Any CPU.ActiveCfg = Debug|Any CPU
		{028AF215-9C09-4CC7-86CF-24AAD04FE9A4}.Debug|Any CPU.Build.0 = Debug|Any CPU
		{028AF215-9C09-4CC7-86CF-24AAD04FE9A4}.Release|Any CPU.ActiveCfg = Release|Any CPU
		{028AF215-9C09-4CC7-86CF-24AAD04FE9A4}.Release|Any CPU.Build.0 = Release|Any CPU
		{6687F21D-126E-4F91-831C-26082992FDDA}.Debug|Any CPU.ActiveCfg = Debug|Any CPU
		{6687F21D-126E-4F91-831C-26082992FDDA}.Debug|Any CPU.Build.0 = Debug|Any CPU
		{6687F21D-126E-4F91-831C-26082992FDDA}.Release|Any CPU.ActiveCfg = Release|Any CPU
		{6687F21D-126E-4F91-831C-26082992FDDA}.Release|Any CPU.Build.0 = Release|Any CPU
		{F18DAC81-AFB4-4E13-818D-18C35B53BA9D}.Debug|Any CPU.ActiveCfg = Debug|Any CPU
		{F18DAC81-AFB4-4E13-818D-18C35B53BA9D}.Debug|Any CPU.Build.0 = Debug|Any CPU
		{F18DAC81-AFB4-4E13-818D-18C35B53BA9D}.Release|Any CPU.ActiveCfg = Release|Any CPU
		{F18DAC81-AFB4-4E13-818D-18C35B53BA9D}.Release|Any CPU.Build.0 = Release|Any CPU
		{E6019E39-3A38-4F83-A341-9DDEFCC4C921}.Debug|Any CPU.ActiveCfg = Debug|Any CPU
		{E6019E39-3A38-4F83-A341-9DDEFCC4C921}.Debug|Any CPU.Build.0 = Debug|Any CPU
		{E6019E39-3A38-4F83-A341-9DDEFCC4C921}.Release|Any CPU.ActiveCfg = Release|Any CPU
		{E6019E39-3A38-4F83-A341-9DDEFCC4C921}.Release|Any CPU.Build.0 = Release|Any CPU
		{CD15323E-F40B-4983-B777-D466DCD30F50}.Debug|Any CPU.ActiveCfg = Debug|Any CPU
		{CD15323E-F40B-4983-B777-D466DCD30F50}.Debug|Any CPU.Build.0 = Debug|Any CPU
		{CD15323E-F40B-4983-B777-D466DCD30F50}.Release|Any CPU.ActiveCfg = Release|Any CPU
		{CD15323E-F40B-4983-B777-D466DCD30F50}.Release|Any CPU.Build.0 = Release|Any CPU
	EndGlobalSection
	GlobalSection(SolutionProperties) = preSolution
		HideSolutionNode = FALSE
	EndGlobalSection
	GlobalSection(NestedProjects) = preSolution
		{F18DAC81-AFB4-4E13-818D-18C35B53BA9D} = {270FB414-D362-4C28-9226-78A1ADEE0D8A}
		{E6019E39-3A38-4F83-A341-9DDEFCC4C921} = {270FB414-D362-4C28-9226-78A1ADEE0D8A}
		{CD15323E-F40B-4983-B777-D466DCD30F50} = {270FB414-D362-4C28-9226-78A1ADEE0D8A}
	EndGlobalSection
	GlobalSection(ExtensibilityGlobals) = postSolution
		SolutionGuid = {4BD8EF9C-7524-4DA0-B81D-C4C01D6D458A}
	EndGlobalSection
EndGlobal
